
Microsoft Visual Studio Solution File, Format Version 12.00
# Visual Studio Version 16
VisualStudioVersion = 16.0.29519.181
MinimumVisualStudioVersion = 15.0.26124.0
Project("{9A19103F-16F7-4668-BE54-9A1E7A4F7556}") = "aspcore3hw", "aspcore3hw.csproj", "{B458A3C7-1FA2-4058-AFFA-D2D5BA8FF7E5}"
EndProject
Global
	GlobalSection(SolutionConfigurationPlatforms) = preSolution
		Debug|Any CPU = Debug|Any CPU
		Release|Any CPU = Release|Any CPU
	EndGlobalSection
	GlobalSection(ProjectConfigurationPlatforms) = postSolution
		{B458A3C7-1FA2-4058-AFFA-D2D5BA8FF7E5}.Debug|Any CPU.ActiveCfg = Debug|Any CPU
		{B458A3C7-1FA2-4058-AFFA-D2D5BA8FF7E5}.Debug|Any CPU.Build.0 = Debug|Any CPU
		{B458A3C7-1FA2-4058-AFFA-D2D5BA8FF7E5}.Release|Any CPU.ActiveCfg = Release|Any CPU
		{B458A3C7-1FA2-4058-AFFA-D2D5BA8FF7E5}.Release|Any CPU.Build.0 = Release|Any CPU
	EndGlobalSection
	GlobalSection(SolutionProperties) = preSolution
		HideSolutionNode = FALSE
	EndGlobalSection
	GlobalSection(ExtensibilityGlobals) = postSolution
		SolutionGuid = {895977FC-5731-44DF-9872-5177FBE87784}
	EndGlobalSection
EndGlobal
